
Microsoft Visual Studio Solution File, Format Version 12.00
# Visual Studio Version 17
VisualStudioVersion = 17.13.35825.156 d17.13
MinimumVisualStudioVersion = 10.0.40219.1
Project("{FAE04EC0-301F-11D3-BF4B-00C04F79EFBC}") = "Smakopedia", "Smakopedia\Smakopedia.csproj", "{35B05BAB-5424-4DDA-862E-1DE3632A5048}"
EndProject
Global
	GlobalSection(SolutionConfigurationPlatforms) = preSolution
		Debug|Any CPU = Debug|Any CPU
		Release|Any CPU = Release|Any CPU
	EndGlobalSection
	GlobalSection(ProjectConfigurationPlatforms) = postSolution
		{35B05BAB-5424-4DDA-862E-1DE3632A5048}.Debug|Any CPU.ActiveCfg = Debug|Any CPU
		{35B05BAB-5424-4DDA-862E-1DE3632A5048}.Debug|Any CPU.Build.0 = Debug|Any CPU
		{35B05BAB-5424-4DDA-862E-1DE3632A5048}.Release|Any CPU.ActiveCfg = Release|Any CPU
		{35B05BAB-5424-4DDA-862E-1DE3632A5048}.Release|Any CPU.Build.0 = Release|Any CPU
	EndGlobalSection
	GlobalSection(SolutionProperties) = preSolution
		HideSolutionNode = FALSE
	EndGlobalSection
	GlobalSection(ExtensibilityGlobals) = postSolution
		SolutionGuid = {E9481B6B-BEA0-4130-9B13-F505CCC88D2E}
	EndGlobalSection
EndGlobal
